Microsoft Visual Studio Solution File, Format Version 11.00
# Visual Studio 2008

Project("{F28478BC-AE2F-5106-EF0F-B69789AA06D1}") = "GoFishing", "Assembly-CSharp-firstpass.csproj", "{039164AC-B67F-58A5-7793-889DF94E07C3}"
EndProject
Project("{F28478BC-AE2F-5106-EF0F-B69789AA06D1}") = "GoFishing", "Assembly-CSharp.csproj", "{798CB24F-9627-1ACC-6B25-17C7FA504856}"
EndProject
Project("{F28478BC-AE2F-5106-EF0F-B69789AA06D1}") = "GoFishing", "Assembly-CSharp-Editor.csproj", "{BA50E763-BD51-B03A-48DB-74D9357AA743}"
EndProject
Global
	GlobalSection(SolutionConfigurationPlatforms) = preSolution
		Debug|Any CPU = Debug|Any CPU
		Release|Any CPU = Release|Any CPU
	EndGlobalSection
	GlobalSection(ProjectConfigurationPlatforms) = postSolution
		{039164AC-B67F-58A5-7793-889DF94E07C3}.Debug|Any CPU.ActiveCfg = Debug|Any CPU
		{039164AC-B67F-58A5-7793-889DF94E07C3}.Debug|Any CPU.Build.0 = Debug|Any CPU
		{039164AC-B67F-58A5-7793-889DF94E07C3}.Release|Any CPU.ActiveCfg = Release|Any CPU
		{039164AC-B67F-58A5-7793-889DF94E07C3}.Release|Any CPU.Build.0 = Release|Any CPU
		{798CB24F-9627-1ACC-6B25-17C7FA504856}.Debug|Any CPU.ActiveCfg = Debug|Any CPU
		{798CB24F-9627-1ACC-6B25-17C7FA504856}.Debug|Any CPU.Build.0 = Debug|Any CPU
		{798CB24F-9627-1ACC-6B25-17C7FA504856}.Release|Any CPU.ActiveCfg = Release|Any CPU
		{798CB24F-9627-1ACC-6B25-17C7FA504856}.Release|Any CPU.Build.0 = Release|Any CPU
		{BA50E763-BD51-B03A-48DB-74D9357AA743}.Debug|Any CPU.ActiveCfg = Debug|Any CPU
		{BA50E763-BD51-B03A-48DB-74D9357AA743}.Debug|Any CPU.Build.0 = Debug|Any CPU
		{BA50E763-BD51-B03A-48DB-74D9357AA743}.Release|Any CPU.ActiveCfg = Release|Any CPU
		{BA50E763-BD51-B03A-48DB-74D9357AA743}.Release|Any CPU.Build.0 = Release|Any CPU
	EndGlobalSection
	GlobalSection(SolutionProperties) = preSolution
		HideSolutionNode = FALSE
	EndGlobalSection
	GlobalSection(MonoDevelopProperties) = preSolution
		StartupItem = Assembly-CSharp.csproj
	EndGlobalSection
EndGlobal
